
Microsoft Visual Studio Solution File, Format Version 12.00
# Visual Studio Version 16
VisualStudioVersion = 16.0.31112.23
MinimumVisualStudioVersion = 10.0.40219.1
Project("{FAE04EC0-301F-11D3-BF4B-00C04F79EFBC}") = "WebProjectEndWebApp", "WebProjectEndWebApp\WebProjectEndWebApp.csproj", "{A906C825-00A3-41BB-90F6-FF594F20727B}"
EndProject
Global
	GlobalSection(SolutionConfigurationPlatforms) = preSolution
		Debug|Any CPU = Debug|Any CPU
		Release|Any CPU = Release|Any CPU
	EndGlobalSection
	GlobalSection(ProjectConfigurationPlatforms) = postSolution
		{A906C825-00A3-41BB-90F6-FF594F20727B}.Debug|Any CPU.ActiveCfg = Debug|Any CPU
		{A906C825-00A3-41BB-90F6-FF594F20727B}.Debug|Any CPU.Build.0 = Debug|Any CPU
		{A906C825-00A3-41BB-90F6-FF594F20727B}.Release|Any CPU.ActiveCfg = Release|Any CPU
		{A906C825-00A3-41BB-90F6-FF594F20727B}.Release|Any CPU.Build.0 = Release|Any CPU
	EndGlobalSection
	GlobalSection(SolutionProperties) = preSolution
		HideSolutionNode = FALSE
	EndGlobalSection
	GlobalSection(ExtensibilityGlobals) = postSolution
		SolutionGuid = {B81121CE-1CB5-4DEE-8B6C-2E7AD0DCFC74}
	EndGlobalSection
EndGlobal
